
Microsoft Visual Studio Solution File, Format Version 12.00
# Visual Studio Version 17
VisualStudioVersion = 17.1.32210.238
MinimumVisualStudioVersion = 10.0.40219.1
Project("{FAE04EC0-301F-11D3-BF4B-00C04F79EFBC}") = "Ejercicio09.Android", "Ejercicio09\Ejercicio09.Android\Ejercicio09.Android.csproj", "{A3F2B08E-750D-4518-BA13-5396AAF293EE}"
EndProject
Project("{FAE04EC0-301F-11D3-BF4B-00C04F79EFBC}") = "Ejercicio09.iOS", "Ejercicio09\Ejercicio09.iOS\Ejercicio09.iOS.csproj", "{35BEEA4B-8929-460C-A085-500F51D46124}"
EndProject
Project("{FAE04EC0-301F-11D3-BF4B-00C04F79EFBC}") = "Ejercicio09", "Ejercicio09\Ejercicio09\Ejercicio09.csproj", "{50A3B62B-EECA-46F8-BEEF-3B42B36F52BD}"
EndProject
Global
	GlobalSection(SolutionConfigurationPlatforms) = preSolution
		Debug|Any CPU = Debug|Any CPU
		Debug|iPhone = Debug|iPhone
		Debug|iPhoneSimulator = Debug|iPhoneSimulator
		Release|Any CPU = Release|Any CPU
		Release|iPhone = Release|iPhone
		Release|iPhoneSimulator = Release|iPhoneSimulator
	EndGlobalSection
	GlobalSection(ProjectConfigurationPlatforms) = postSolution
		{A3F2B08E-750D-4518-BA13-5396AAF293EE}.Debug|Any CPU.ActiveCfg = Debug|Any CPU
		{A3F2B08E-750D-4518-BA13-5396AAF293EE}.Debug|Any CPU.Build.0 = Debug|Any CPU
		{A3F2B08E-750D-4518-BA13-5396AAF293EE}.Debug|Any CPU.Deploy.0 = Debug|Any CPU
		{A3F2B08E-750D-4518-BA13-5396AAF293EE}.Debug|iPhone.ActiveCfg = Debug|Any CPU
		{A3F2B08E-750D-4518-BA13-5396AAF293EE}.Debug|iPhone.Build.0 = Debug|Any CPU
		{A3F2B08E-750D-4518-BA13-5396AAF293EE}.Debug|iPhone.Deploy.0 = Debug|Any CPU
		{A3F2B08E-750D-4518-BA13-5396AAF293EE}.Debug|iPhoneSimulator.ActiveCfg = Debug|Any CPU
		{A3F2B08E-750D-4518-BA13-5396AAF293EE}.Debug|iPhoneSimulator.Build.0 = Debug|Any CPU
		{A3F2B08E-750D-4518-BA13-5396AAF293EE}.Debug|iPhoneSimulator.Deploy.0 = Debug|Any CPU
		{A3F2B08E-750D-4518-BA13-5396AAF293EE}.Release|Any CPU.ActiveCfg = Release|Any CPU
		{A3F2B08E-750D-4518-BA13-5396AAF293EE}.Release|Any CPU.Build.0 = Release|Any CPU
		{A3F2B08E-750D-4518-BA13-5396AAF293EE}.Release|Any CPU.Deploy.0 = Release|Any CPU
		{A3F2B08E-750D-4518-BA13-5396AAF293EE}.Release|iPhone.ActiveCfg = Release|Any CPU
		{A3F2B08E-750D-4518-BA13-5396AAF293EE}.Release|iPhone.Build.0 = Release|Any CPU
		{A3F2B08E-750D-4518-BA13-5396AAF293EE}.Release|iPhone.Deploy.0 = Release|Any CPU
		{A3F2B08E-750D-4518-BA13-5396AAF293EE}.Release|iPhoneSimulator.ActiveCfg = Release|Any CPU
		{A3F2B08E-750D-4518-BA13-5396AAF293EE}.Release|iPhoneSimulator.Build.0 = Release|Any CPU
		{A3F2B08E-750D-4518-BA13-5396AAF293EE}.Release|iPhoneSimulator.Deploy.0 = Release|Any CPU
		{35BEEA4B-8929-460C-A085-500F51D46124}.Debug|Any CPU.ActiveCfg = Debug|iPhone
		{35BEEA4B-8929-460C-A085-500F51D46124}.Debug|Any CPU.Build.0 = Debug|iPhone
		{35BEEA4B-8929-460C-A085-500F51D46124}.Debug|Any CPU.Deploy.0 = Debug|iPhone
		{35BEEA4B-8929-460C-A085-500F51D46124}.Debug|iPhone.ActiveCfg = Debug|iPhone
		{35BEEA4B-8929-460C-A085-500F51D46124}.Debug|iPhone.Build.0 = Debug|iPhone
		{35BEEA4B-8929-460C-A085-500F51D46124}.Debug|iPhone.Deploy.0 = Debug|iPhone
		{35BEEA4B-8929-460C-A085-500F51D46124}.Debug|iPhoneSimulator.ActiveCfg = Debug|iPhoneSimulator
		{35BEEA4B-8929-460C-A085-500F51D46124}.Debug|iPhoneSimulator.Build.0 = Debug|iPhoneSimulator
		{35BEEA4B-8929-460C-A085-500F51D46124}.Debug|iPhoneSimulator.Deploy.0 = Debug|iPhoneSimulator
		{35BEEA4B-8929-460C-A085-500F51D46124}.Release|Any CPU.ActiveCfg = Release|iPhoneSimulator
		{35BEEA4B-8929-460C-A085-500F51D46124}.Release|Any CPU.Build.0 = Release|iPhoneSimulator
		{35BEEA4B-8929-460C-A085-500F51D46124}.Release|Any CPU.Deploy.0 = Release|iPhoneSimulator
		{35BEEA4B-8929-460C-A085-500F51D46124}.Release|iPhone.ActiveCfg = Release|iPhone
		{35BEEA4B-8929-460C-A085-500F51D46124}.Release|iPhone.Build.0 = Release|iPhone
		{35BEEA4B-8929-460C-A085-500F51D46124}.Release|iPhone.Deploy.0 = Release|iPhone
		{35BEEA4B-8929-460C-A085-500F51D46124}.Release|iPhoneSimulator.ActiveCfg = Release|iPhoneSimulator
		{35BEEA4B-8929-460C-A085-500F51D46124}.Release|iPhoneSimulator.Build.0 = Release|iPhoneSimulator
		{35BEEA4B-8929-460C-A085-500F51D46124}.Release|iPhoneSimulator.Deploy.0 = Release|iPhoneSimulator
		{50A3B62B-EECA-46F8-BEEF-3B42B36F52BD}.Debug|Any CPU.ActiveCfg = Debug|Any CPU
		{50A3B62B-EECA-46F8-BEEF-3B42B36F52BD}.Debug|Any CPU.Build.0 = Debug|Any CPU
		{50A3B62B-EECA-46F8-BEEF-3B42B36F52BD}.Debug|Any CPU.Deploy.0 = Debug|Any CPU
		{50A3B62B-EECA-46F8-BEEF-3B42B36F52BD}.Debug|iPhone.ActiveCfg = Debug|Any CPU
		{50A3B62B-EECA-46F8-BEEF-3B42B36F52BD}.Debug|iPhone.Build.0 = Debug|Any CPU
		{50A3B62B-EECA-46F8-BEEF-3B42B36F52BD}.Debug|iPhone.Deploy.0 = Debug|Any CPU
		{50A3B62B-EECA-46F8-BEEF-3B42B36F52BD}.Debug|iPhoneSimulator.ActiveCfg = Debug|Any CPU
		{50A3B62B-EECA-46F8-BEEF-3B42B36F52BD}.Debug|iPhoneSimulator.Build.0 = Debug|Any CPU
		{50A3B62B-EECA-46F8-BEEF-3B42B36F52BD}.Debug|iPhoneSimulator.Deploy.0 = Debug|Any CPU
		{50A3B62B-EECA-46F8-BEEF-3B42B36F52BD}.Release|Any CPU.ActiveCfg = Release|Any CPU
		{50A3B62B-EECA-46F8-BEEF-3B42B36F52BD}.Release|Any CPU.Build.0 = Release|Any CPU
		{50A3B62B-EECA-46F8-BEEF-3B42B36F52BD}.Release|Any CPU.Deploy.0 = Release|Any CPU
		{50A3B62B-EECA-46F8-BEEF-3B42B36F52BD}.Release|iPhone.ActiveCfg = Release|Any CPU
		{50A3B62B-EECA-46F8-BEEF-3B42B36F52BD}.Release|iPhone.Build.0 = Release|Any CPU
		{50A3B62B-EECA-46F8-BEEF-3B42B36F52BD}.Release|iPhone.Deploy.0 = Release|Any CPU
		{50A3B62B-EECA-46F8-BEEF-3B42B36F52BD}.Release|iPhoneSimulator.ActiveCfg = Release|Any CPU
		{50A3B62B-EECA-46F8-BEEF-3B42B36F52BD}.Release|iPhoneSimulator.Build.0 = Release|Any CPU
		{50A3B62B-EECA-46F8-BEEF-3B42B36F52BD}.Release|iPhoneSimulator.Deploy.0 = Release|Any CPU
	EndGlobalSection
	GlobalSection(SolutionProperties) = preSolution
		HideSolutionNode = FALSE
	EndGlobalSection
	GlobalSection(ExtensibilityGlobals) = postSolution
		SolutionGuid = {0C0EB421-F878-4867-9DBA-F382DFF5906B}
	EndGlobalSection
EndGlobal
